<?xml version="1.0" encoding="utf-8"?>
<Project ToolsVersion="4.0" xmlns="http://schemas.microsoft.com/developer/msbuild/2003">
  <ItemGroup>
    <ClCompile Include="PluginWMI.cpp" />
    <ClCompile Include="WMIService.cpp" />
  </ItemGroup>
  <ItemGroup>
    <ResourceCompile Include="PluginWMI.rc" />
  </ItemGroup>
  <ItemGroup>
    <ClInclude Include="WMIService.h" />
    <ClInclude Include="ComPtr.h" />
    <ClInclude Include="resource.h" />
  </ItemGroup>
</Project>